// !$*UTF8*$!
{
	archiveVersion = 1;
	classes = {
	};
	objectVersion = 51;
	objects = {

/* Begin PBXBuildFile section */
		209D084A2566B81F005CAF44 /* AppDelegate.swift in Sources */ = {isa = PBXBuildFile; fileRef = 209D08492566B81F005CAF44 /* AppDelegate.swift */; };
		209D084C2566B81F005CAF44 /* SceneDelegate.swift in Sources */ = {isa = PBXBuildFile; fileRef = 209D084B2566B81F005CAF44 /* SceneDelegate.swift */; };
		209D084E2566B81F005CAF44 /* TasksViewController.swift in Sources */ = {isa = PBXBuildFile; fileRef = 209D084D2566B81F005CAF44 /* TasksViewController.swift */; };
		209D08512566B81F005CAF44 /* Main.storyboard in Resources */ = {isa = PBXBuildFile; fileRef = 209D084F2566B81F005CAF44 /* Main.storyboard */; };
		209D08532566B822005CAF44 /* Assets.xcassets in Resources */ = {isa = PBXBuildFile; fileRef = 209D08522566B822005CAF44 /* Assets.xcassets */; };
		209D08562566B822005CAF44 /* LaunchScreen.storyboard in Resources */ = {isa = PBXBuildFile; fileRef = 209D08542566B822005CAF44 /* LaunchScreen.storyboard */; };
		209D08682566BF32005CAF44 /* TaskCell.swift in Sources */ = {isa = PBXBuildFile; fileRef = 209D08662566BF32005CAF44 /* TaskCell.swift */; };
		209D08692566BF32005CAF44 /* TaskCell.xib in Resources */ = {isa = PBXBuildFile; fileRef = 209D08672566BF32005CAF44 /* TaskCell.xib */; };
		209D08712566CBB0005CAF44 /* AddTaskViewController.swift in Sources */ = {isa = PBXBuildFile; fileRef = 209D08702566CBB0005CAF44 /* AddTaskViewController.swift */; };
		209D08752566D1CB005CAF44 /* Task.swift in Sources */ = {isa = PBXBuildFile; fileRef = 209D08742566D1CB005CAF44 /* Task.swift */; };
		C866BB53335B9127F456A643 /* Pods_ToDoList.framework in Frameworks */ = {isa = PBXBuildFile; fileRef = 98E807D2CCFD0058DB525678 /* Pods_ToDoList.framework */; };
/* End PBXBuildFile section */

/* Begin PBXFileReference section */
		1F7605B8AEB46063D718A093 /* Pods-ToDoList.release.xcconfig */ = {isa = PBXFileReference; includeInIndex = 1; lastKnownFileType = text.xcconfig; name = "Pods-ToDoList.release.xcconfig"; path = "Target Support Files/Pods-ToDoList/Pods-ToDoList.release.xcconfig"; sourceTree = "<group>"; };
		209D08462566B81F005CAF44 /* ToDoList.app */ = {isa = PBXFileReference; explicitFileType = wrapper.application; includeInIndex = 0; path = ToDoList.app; sourceTree = BUILT_PRODUCTS_DIR; };
		209D08492566B81F005CAF44 /* AppDelegate.swift */ = {isa = PBXFileReference; lastKnownFileType = sourcecode.swift; path = AppDelegate.swift; sourceTree = "<group>"; };
		209D084B2566B81F005CAF44 /* SceneDelegate.swift */ = {isa = PBXFileReference; lastKnownFileType = sourcecode.swift; path = SceneDelegate.swift; sourceTree = "<group>"; };
		209D084D2566B81F005CAF44 /* TasksViewController.swift */ = {isa = PBXFileReference; lastKnownFileType = sourcecode.swift; path = TasksViewController.swift; sourceTree = "<group>"; };
		209D08502566B81F005CAF44 /* Base */ = {isa = PBXFileReference; lastKnownFileType = file.storyboard; name = Base; path = Base.lproj/Main.storyboard; sourceTree = "<group>"; };
		209D08522566B822005CAF44 /* Assets.xcassets */ = {isa = PBXFileReference; lastKnownFileType = folder.assetcatalog; path = Assets.xcassets; sourceTree = "<group>"; };
		209D08552566B822005CAF44 /* Base */ = {isa = PBXFileReference; lastKnownFileType = file.storyboard; name = Base; path = Base.lproj/LaunchScreen.storyboard; sourceTree = "<group>"; };
		209D08572566B822005CAF44 /* Info.plist */ = {isa = PBXFileReference; lastKnownFileType = text.plist.xml; path = Info.plist; sourceTree = "<group>"; };
		209D08662566BF32005CAF44 /* TaskCell.swift */ = {isa = PBXFileReference; lastKnownFileType = sourcecode.swift; path = TaskCell.swift; sourceTree = "<group>"; };
		209D08672566BF32005CAF44 /* TaskCell.xib */ = {isa = PBXFileReference; lastKnownFileType = file.xib; path = TaskCell.xib; sourceTree = "<group>"; };
		209D08702566CBB0005CAF44 /* AddTaskViewController.swift */ = {isa = PBXFileReference; lastKnownFileType = sourcecode.swift; path = AddTaskViewController.swift; sourceTree = "<group>"; };
		209D08742566D1CB005CAF44 /* Task.swift */ = {isa = PBXFileReference; lastKnownFileType = sourcecode.swift; path = Task.swift; sourceTree = "<group>"; };
		98E807D2CCFD0058DB525678 /* Pods_ToDoList.framework */ = {isa = PBXFileReference; explicitFileType = wrapper.framework; includeInIndex = 0; path = Pods_ToDoList.framework; sourceTree = BUILT_PRODUCTS_DIR; };
		F0CF2E42BA1B375E9AA8987F /* Pods-ToDoList.debug.xcconfig */ = {isa = PBXFileReference; includeInIndex = 1; lastKnownFileType = text.xcconfig; name = "Pods-ToDoList.debug.xcconfig"; path = "Target Support Files/Pods-ToDoList/Pods-ToDoList.debug.xcconfig"; sourceTree = "<group>"; };
/* End PBXFileReference section */

/* Begin PBXFrameworksBuildPhase section */
		209D08432566B81F005CAF44 /* Frameworks */ = {
			isa = PBXFrameworksBuildPhase;
			buildActionMask = 2147483647;
			files = (
				C866BB53335B9127F456A643 /* Pods_ToDoList.framework in Frameworks */,
			);
			runOnlyForDeploymentPostprocessing = 0;
		};
/* End PBXFrameworksBuildPhase section */

/* Begin PBXGroup section */
		106E32392FD19336C11C413A /* Pods */ = {
			isa = PBXGroup;
			children = (
				F0CF2E42BA1B375E9AA8987F /* Pods-ToDoList.debug.xcconfig */,
				1F7605B8AEB46063D718A093 /* Pods-ToDoList.release.xcconfig */,
			);
			path = Pods;
			sourceTree = "<group>";
		};
		209D083D2566B81F005CAF44 = {
			isa = PBXGroup;
			children = (
				209D08482566B81F005CAF44 /* ToDoList */,
				209D08472566B81F005CAF44 /* Products */,
				106E32392FD19336C11C413A /* Pods */,
				D31778190563A450C88B1C6F /* Frameworks */,
			);
			sourceTree = "<group>";
		};
		209D08472566B81F005CAF44 /* Products */ = {
			isa = PBXGroup;
			children = (
				209D08462566B81F005CAF44 /* ToDoList.app */,
			);
			name = Products;
			sourceTree = "<group>";
		};
		209D08482566B81F005CAF44 /* ToDoList */ = {
			isa = PBXGroup;
			children = (
				209D08492566B81F005CAF44 /* AppDelegate.swift */,
				209D084B2566B81F005CAF44 /* SceneDelegate.swift */,
				209D08732566D1BB005CAF44 /* Model */,
				209D086C2566CA7A005CAF44 /* Views */,
				209D086E2566CB17005CAF44 /* Controllers */,
				209D08652566BF11005CAF44 /* Cells */,
				209D08522566B822005CAF44 /* Assets.xcassets */,
				209D08572566B822005CAF44 /* Info.plist */,
			);
			path = ToDoList;
			sourceTree = "<group>";
		};
		209D08652566BF11005CAF44 /* Cells */ = {
			isa = PBXGroup;
			children = (
				209D08662566BF32005CAF44 /* TaskCell.swift */,
				209D08672566BF32005CAF44 /* TaskCell.xib */,
			);
			path = Cells;
			sourceTree = "<group>";
		};
		209D086C2566CA7A005CAF44 /* Views */ = {
			isa = PBXGroup;
			children = (
				209D084F2566B81F005CAF44 /* Main.storyboard */,
				209D08542566B822005CAF44 /* LaunchScreen.storyboard */,
			);
			path = Views;
			sourceTree = "<group>";
		};
		209D086E2566CB17005CAF44 /* Controllers */ = {
			isa = PBXGroup;
			children = (
				209D084D2566B81F005CAF44 /* TasksViewController.swift */,
				209D08702566CBB0005CAF44 /* AddTaskViewController.swift */,
			);
			path = Controllers;
			sourceTree = "<group>";
		};
		209D08732566D1BB005CAF44 /* Model */ = {
			isa = PBXGroup;
			children = (
				209D08742566D1CB005CAF44 /* Task.swift */,
			);
			path = Model;
			sourceTree = "<group>";
		};
		D31778190563A450C88B1C6F /* Frameworks */ = {
			isa = PBXGroup;
			children = (
				98E807D2CCFD0058DB525678 /* Pods_ToDoList.framework */,
			);
			name = Frameworks;
			sourceTree = "<group>";
		};
/* End PBXGroup section */

/* Begin PBXNativeTarget section */
		209D08452566B81F005CAF44 /* ToDoList */ = {
			isa = PBXNativeTarget;
			buildConfigurationList = 209D085A2566B822005CAF44 /* Build configuration list for PBXNativeTarget "ToDoList" */;
			buildPhases = (
				E2B5AAB363E0034E98854603 /* [CP] Check Pods Manifest.lock */,
				209D08422566B81F005CAF44 /* Sources */,
				209D08432566B81F005CAF44 /* Frameworks */,
				209D08442566B81F005CAF44 /* Resources */,
				D50ED5F85574FCBD5550C580 /* [CP] Embed Pods Frameworks */,
			);
			buildRules = (
			);
			dependencies = (
			);
			name = ToDoList;
			productName = ToDoList;
			productReference = 209D08462566B81F005CAF44 /* ToDoList.app */;
			productType = "com.apple.product-type.application";
		};
/* End PBXNativeTarget section */

/* Begin PBXProject section */
		209D083E2566B81F005CAF44 /* Project object */ = {
			isa = PBXProject;
			attributes = {
				LastSwiftUpdateCheck = 1200;
				LastUpgradeCheck = 1200;
				TargetAttributes = {
					209D08452566B81F005CAF44 = {
						CreatedOnToolsVersion = 12.0.1;
					};
				};
			};
			buildConfigurationList = 209D08412566B81F005CAF44 /* Build configuration list for PBXProject "ToDoList" */;
			compatibilityVersion = "Xcode 9.3";
			developmentRegion = en;
			hasScannedForEncodings = 0;
			knownRegions = (
				en,
				Base,
			);
			mainGroup = 209D083D2566B81F005CAF44;
			productRefGroup = 209D08472566B81F005CAF44 /* Products */;
			projectDirPath = "";
			projectRoot = "";
			targets = (
				209D08452566B81F005CAF44 /* ToDoList */,
			);
		};
/* End PBXProject section */

/* Begin PBXResourcesBuildPhase section */
		209D08442566B81F005CAF44 /* Resources */ = {
			isa = PBXResourcesBuildPhase;
			buildActionMask = 2147483647;
			files = (
				209D08692566BF32005CAF44 /* TaskCell.xib in Resources */,
				209D08562566B822005CAF44 /* LaunchScreen.storyboard in Resources */,
				209D08532566B822005CAF44 /* Assets.xcassets in Resources */,
				209D08512566B81F005CAF44 /* Main.storyboard in Resources */,
			);
			runOnlyForDeploymentPostprocessing = 0;
		};
/* End PBXResourcesBuildPhase section */

/* Begin PBXShellScriptBuildPhase section */
		D50ED5F85574FCBD5550C580 /* [CP] Embed Pods Frameworks */ = {
			isa = PBXShellScriptBuildPhase;
			buildActionMask = 2147483647;
			files = (
			);
			inputFileListPaths = (
				"${PODS_ROOT}/Target Support Files/Pods-ToDoList/Pods-ToDoList-frameworks-${CONFIGURATION}-input-files.xcfilelist",
			);
			name = "[CP] Embed Pods Frameworks";
			outputFileListPaths = (
				"${PODS_ROOT}/Target Support Files/Pods-ToDoList/Pods-ToDoList-frameworks-${CONFIGURATION}-output-files.xcfilelist",
			);
			runOnlyForDeploymentPostprocessing = 0;
			shellPath = /bin/sh;
			shellScript = "\"${PODS_ROOT}/Target Support Files/Pods-ToDoList/Pods-ToDoList-frameworks.sh\"\n";
			showEnvVarsInLog = 0;
		};
		E2B5AAB363E0034E98854603 /* [CP] Check Pods Manifest.lock */ = {
			isa = PBXShellScriptBuildPhase;
			buildActionMask = 2147483647;
			files = (
			);
			inputFileListPaths = (
			);
			inputPaths = (
				"${PODS_PODFILE_DIR_PATH}/Podfile.lock",
				"${PODS_ROOT}/Manifest.lock",
			);
			name = "[CP] Check Pods Manifest.lock";
			outputFileListPaths = (
			);
			outputPaths = (
				"$(DERIVED_FILE_DIR)/Pods-ToDoList-checkManifestLockResult.txt",
			);
			runOnlyForDeploymentPostprocessing = 0;
			shellPath = /bin/sh;
			shellScript = "diff \"${PODS_PODFILE_DIR_PATH}/Podfile.lock\" \"${PODS_ROOT}/Manifest.lock\" > /dev/null\nif [ $? != 0 ] ; then\n    # print error to STDERR\n    echo \"error: The sandbox is not in sync with the Podfile.lock. Run 'pod install' or update your CocoaPods installation.\" >&2\n    exit 1\nfi\n# This output is used by Xcode 'outputs' to avoid re-running this script phase.\necho \"SUCCESS\" > \"${SCRIPT_OUTPUT_FILE_0}\"\n";
			showEnvVarsInLog = 0;
		};
/* End PBXShellScriptBuildPhase section */

/* Begin PBXSourcesBuildPhase section */
		209D08422566B81F005CAF44 /* Sources */ = {
			isa = PBXSourcesBuildPhase;
			buildActionMask = 2147483647;
			files = (
				209D08682566BF32005CAF44 /* TaskCell.swift in Sources */,
				209D084E2566B81F005CAF44 /* TasksViewController.swift in Sources */,
				209D084A2566B81F005CAF44 /* AppDelegate.swift in Sources */,
				209D084C2566B81F005CAF44 /* SceneDelegate.swift in Sources */,
				209D08752566D1CB005CAF44 /* Task.swift in Sources */,
				209D08712566CBB0005CAF44 /* AddTaskViewController.swift in Sources */,
			);
			runOnlyForDeploymentPostprocessing = 0;
		};
/* End PBXSourcesBuildPhase section */

/* Begin PBXVariantGroup section */
		209D084F2566B81F005CAF44 /* Main.storyboard */ = {
			isa = PBXVariantGroup;
			children = (
				209D08502566B81F005CAF44 /* Base */,
			);
			name = Main.storyboard;
			sourceTree = "<group>";
		};
		209D08542566B822005CAF44 /* LaunchScreen.storyboard */ = {
			isa = PBXVariantGroup;
			children = (
				209D08552566B822005CAF44 /* Base */,
			);
			name = LaunchScreen.storyboard;
			sourceTree = "<group>";
		};
/* End PBXVariantGroup section */

/* Begin XCBuildConfiguration section */
		209D08582566B822005CAF44 /* Debug */ = {
			isa = XCBuildConfiguration;
			buildSettings = {
				ALWAYS_SEARCH_USER_PATHS = NO;
				CLANG_ANALYZER_NONNULL = YES;
				CLANG_ANALYZER_NUMBER_OBJECT_CONVERSION = YES_AGGRESSIVE;
				CLANG_CXX_LANGUAGE_STANDARD = "gnu++14";
				CLANG_CXX_LIBRARY = "libc++";
				CLANG_ENABLE_MODULES = YES;
				CLANG_ENABLE_OBJC_ARC = YES;
				CLANG_ENABLE_OBJC_WEAK = YES;
				CLANG_WARN_BLOCK_CAPTURE_AUTORELEASING = YES;
				CLANG_WARN_BOOL_CONVERSION = YES;
				CLANG_WARN_COMMA = YES;
				CLANG_WARN_CONSTANT_CONVERSION = YES;
				CLANG_WARN_DEPRECATED_OBJC_IMPLEMENTATIONS = YES;
				CLANG_WARN_DIRECT_OBJC_ISA_USAGE = YES_ERROR;
				CLANG_WARN_DOCUMENTATION_COMMENTS = YES;
				CLANG_WARN_EMPTY_BODY = YES;
				CLANG_WARN_ENUM_CONVERSION = YES;
				CLANG_WARN_INFINITE_RECURSION = YES;
				CLANG_WARN_INT_CONVERSION = YES;
				CLANG_WARN_NON_LITERAL_NULL_CONVERSION = YES;
				CLANG_WARN_OBJC_IMPLICIT_RETAIN_SELF = YES;
				CLANG_WARN_OBJC_LITERAL_CONVERSION = YES;
				CLANG_WARN_OBJC_ROOT_CLASS = YES_ERROR;
				CLANG_WARN_QUOTED_INCLUDE_IN_FRAMEWORK_HEADER = YES;
				CLANG_WARN_RANGE_LOOP_ANALYSIS = YES;
				CLANG_WARN_STRICT_PROTOTYPES = YES;
				CLANG_WARN_SUSPICIOUS_MOVE = YES;
				CLANG_WARN_UNGUARDED_AVAILABILITY = YES_AGGRESSIVE;
				CLANG_WARN_UNREACHABLE_CODE = YES;
				CLANG_WARN__DUPLICATE_METHOD_MATCH = YES;
				COPY_PHASE_STRIP = NO;
				DEBUG_INFORMATION_FORMAT = dwarf;
				ENABLE_STRICT_OBJC_MSGSEND = YES;
				ENABLE_TESTABILITY = YES;
				GCC_C_LANGUAGE_STANDARD = gnu11;
				GCC_DYNAMIC_NO_PIC = NO;
				GCC_NO_COMMON_BLOCKS = YES;
				GCC_OPTIMIZATION_LEVEL = 0;
				GCC_PREPROCESSOR_DEFINITIONS = (
					"DEBUG=1",
					"$(inherited)",
				);
				GCC_WARN_64_TO_32_BIT_CONVERSION = YES;
				GCC_WARN_ABOUT_RETURN_TYPE = YES_ERROR;
				GCC_WARN_UNDECLARED_SELECTOR = YES;
				GCC_WARN_UNINITIALIZED_AUTOS = YES_AGGRESSIVE;
				GCC_WARN_UNUSED_FUNCTION = YES;
				GCC_WARN_UNUSED_VARIABLE = YES;
				IPHONEOS_DEPLOYMENT_TARGET = 14.0;
				MTL_ENABLE_DEBUG_INFO = INCLUDE_SOURCE;
				MTL_FAST_MATH = YES;
				ONLY_ACTIVE_ARCH = YES;
				SDKROOT = iphoneos;
				SWIFT_ACTIVE_COMPILATION_CONDITIONS = DEBUG;
				SWIFT_OPTIMIZATION_LEVEL = "-Onone";
			};
			name = Debug;
		};
		209D08592566B822005CAF44 /* Release */ = {
			isa = XCBuildConfiguration;
			buildSettings = {
				ALWAYS_SEARCH_USER_PATHS = NO;
				CLANG_ANALYZER_NONNULL = YES;
				CLANG_ANALYZER_NUMBER_OBJECT_CONVERSION = YES_AGGRESSIVE;
				CLANG_CXX_LANGUAGE_STANDARD = "gnu++14";
				CLANG_CXX_LIBRARY = "libc++";
				CLANG_ENABLE_MODULES = YES;
				CLANG_ENABLE_OBJC_ARC = YES;
				CLANG_ENABLE_OBJC_WEAK = YES;
				CLANG_WARN_BLOCK_CAPTURE_AUTORELEASING = YES;
				CLANG_WARN_BOOL_CONVERSION = YES;
				CLANG_WARN_COMMA = YES;
				CLANG_WARN_CONSTANT_CONVERSION = YES;
				CLANG_WARN_DEPRECATED_OBJC_IMPLEMENTATIONS = YES;
				CLANG_WARN_DIRECT_OBJC_ISA_USAGE = YES_ERROR;
				CLANG_WARN_DOCUMENTATION_COMMENTS = YES;
				CLANG_WARN_EMPTY_BODY = YES;
				CLANG_WARN_ENUM_CONVERSION = YES;
				CLANG_WARN_INFINITE_RECURSION = YES;
				CLANG_WARN_INT_CONVERSION = YES;
				CLANG_WARN_NON_LITERAL_NULL_CONVERSION = YES;
				CLANG_WARN_OBJC_IMPLICIT_RETAIN_SELF = YES;
				CLANG_WARN_OBJC_LITERAL_CONVERSION = YES;
				CLANG_WARN_OBJC_ROOT_CLASS = YES_ERROR;
				CLANG_WARN_QUOTED_INCLUDE_IN_FRAMEWORK_HEADER = YES;
				CLANG_WARN_RANGE_LOOP_ANALYSIS = YES;
				CLANG_WARN_STRICT_PROTOTYPES = YES;
				CLANG_WARN_SUSPICIOUS_MOVE = YES;
				CLANG_WARN_UNGUARDED_AVAILABILITY = YES_AGGRESSIVE;
				CLANG_WARN_UNREACHABLE_CODE = YES;
				CLANG_WARN__DUPLICATE_METHOD_MATCH = YES;
				COPY_PHASE_STRIP = NO;
				DEBUG_INFORMATION_FORMAT = "dwarf-with-dsym";
				ENABLE_NS_ASSERTIONS = NO;
				ENABLE_STRICT_OBJC_MSGSEND = YES;
				GCC_C_LANGUAGE_STANDARD = gnu11;
				GCC_NO_COMMON_BLOCKS = YES;
				GCC_WARN_64_TO_32_BIT_CONVERSION = YES;
				GCC_WARN_ABOUT_RETURN_TYPE = YES_ERROR;
				GCC_WARN_UNDECLARED_SELECTOR = YES;
				GCC_WARN_UNINITIALIZED_AUTOS = YES_AGGRESSIVE;
				GCC_WARN_UNUSED_FUNCTION = YES;
				GCC_WARN_UNUSED_VARIABLE = YES;
				IPHONEOS_DEPLOYMENT_TARGET = 14.0;
				MTL_ENABLE_DEBUG_INFO = NO;
				MTL_FAST_MATH = YES;
				SDKROOT = iphoneos;
				SWIFT_COMPILATION_MODE = wholemodule;
				SWIFT_OPTIMIZATION_LEVEL = "-O";
				VALIDATE_PRODUCT = YES;
			};
			name = Release;
		};
		209D085B2566B822005CAF44 /* Debug */ = {
			isa = XCBuildConfiguration;
			baseConfigurationReference = F0CF2E42BA1B375E9AA8987F /* Pods-ToDoList.debug.xcconfig */;
			buildSettings = {
				ASSETCATALOG_COMPILER_APPICON_NAME = AppIcon;
				ASSETCATALOG_COMPILER_GLOBAL_ACCENT_COLOR_NAME = AccentColor;
				CODE_SIGN_STYLE = Automatic;
				DEVELOPMENT_TEAM = 6GY6SSRWWX;
				INFOPLIST_FILE = ToDoList/Info.plist;
				LD_RUNPATH_SEARCH_PATHS = (
					"$(inherited)",
					"@executable_path/Frameworks",
				);
				PRODUCT_BUNDLE_IDENTIFIER = Menaim.ToDoList;
				PRODUCT_NAME = "$(TARGET_NAME)";
				SWIFT_VERSION = 5.0;
				TARGETED_DEVICE_FAMILY = "1,2";
			};
			name = Debug;
		};
		209D085C2566B822005CAF44 /* Release */ = {
			isa = XCBuildConfiguration;
			baseConfigurationReference = 1F7605B8AEB46063D718A093 /* Pods-ToDoList.release.xcconfig */;
			buildSettings = {
				ASSETCATALOG_COMPILER_APPICON_NAME = AppIcon;
				ASSETCATALOG_COMPILER_GLOBAL_ACCENT_COLOR_NAME = AccentColor;
				CODE_SIGN_STYLE = Automatic;
				DEVELOPMENT_TEAM = 6GY6SSRWWX;
				INFOPLIST_FILE = ToDoList/Info.plist;
				LD_RUNPATH_SEARCH_PATHS = (
					"$(inherited)",
					"@executable_path/Frameworks",
				);
				PRODUCT_BUNDLE_IDENTIFIER = Menaim.ToDoList;
				PRODUCT_NAME = "$(TARGET_NAME)";
				SWIFT_VERSION = 5.0;
				TARGETED_DEVICE_FAMILY = "1,2";
			};
			name = Release;
		};
/* End XCBuildConfiguration section */

/* Begin XCConfigurationList section */
		209D08412566B81F005CAF44 /* Build configuration list for PBXProject "ToDoList" */ = {
			isa = XCConfigurationList;
			buildConfigurations = (
				209D08582566B822005CAF44 /* Debug */,
				209D08592566B822005CAF44 /* Release */,
			);
			defaultConfigurationIsVisible = 0;
			defaultConfigurationName = Release;
		};
		209D085A2566B822005CAF44 /* Build configuration list for PBXNativeTarget "ToDoList" */ = {
			isa = XCConfigurationList;
			buildConfigurations = (
				209D085B2566B822005CAF44 /* Debug */,
				209D085C2566B822005CAF44 /* Release */,
			);
			defaultConfigurationIsVisible = 0;
			defaultConfigurationName = Release;
		};
/* End XCConfigurationList section */
	};
	rootObject = 209D083E2566B81F005CAF44 /* Project object */;
}
